
Microsoft Visual Studio Solution File, Format Version 12.00
# Visual Studio Version 17
VisualStudioVersion = 17.5.002.0
MinimumVisualStudioVersion = 10.0.40219.1
Project("{9A19103F-16F7-4668-BE54-9A1E7A4F7556}") = "OSC C#", "OSC C#.csproj", "{5BA4BB4E-69DF-4A0D-A459-1E11C3E6173F}"
EndProject
Global
	GlobalSection(SolutionConfigurationPlatforms) = preSolution
		Debug|Any CPU = Debug|Any CPU
		Release|Any CPU = Release|Any CPU
	EndGlobalSection
	GlobalSection(ProjectConfigurationPlatforms) = postSolution
		{5BA4BB4E-69DF-4A0D-A459-1E11C3E6173F}.Debug|Any CPU.ActiveCfg = Debug|Any CPU
		{5BA4BB4E-69DF-4A0D-A459-1E11C3E6173F}.Debug|Any CPU.Build.0 = Debug|Any CPU
		{5BA4BB4E-69DF-4A0D-A459-1E11C3E6173F}.Release|Any CPU.ActiveCfg = Release|Any CPU
		{5BA4BB4E-69DF-4A0D-A459-1E11C3E6173F}.Release|Any CPU.Build.0 = Release|Any CPU
	EndGlobalSection
	GlobalSection(SolutionProperties) = preSolution
		HideSolutionNode = FALSE
	EndGlobalSection
	GlobalSection(ExtensibilityGlobals) = postSolution
		SolutionGuid = {F3F9891A-B46D-4EF3-BD63-4D62FA7F6214}
	EndGlobalSection
EndGlobal
